
Microsoft Visual Studio Solution File, Format Version 12.00
# Visual Studio 15
VisualStudioVersion = 15.0.28010.2050
MinimumVisualStudioVersion = 10.0.40219.1
Project("{9A19103F-16F7-4668-BE54-9A1E7A4F7556}") = "TestApp", "TestApp\TestApp.csproj", "{091B479B-6A6F-4D7A-9DE9-044B3580EAA7}"
EndProject
Project("{FAE04EC0-301F-11D3-BF4B-00C04F79EFBC}") = "DataAccess", "DataAccess\DataAccess.csproj", "{436A11FC-E046-486C-81D6-E04040D2A42F}"
EndProject
Project("{FAE04EC0-301F-11D3-BF4B-00C04F79EFBC}") = "Entities", "Entities\Entities.csproj", "{9FE9C00D-A208-4028-978F-59151754C701}"
EndProject
Project("{FAE04EC0-301F-11D3-BF4B-00C04F79EFBC}") = "Models", "Models\Models.csproj", "{F31F53AA-7478-40C8-A8AC-415F79AA71DA}"
EndProject
Project("{FAE04EC0-301F-11D3-BF4B-00C04F79EFBC}") = "Services", "Services\Services.csproj", "{076968D6-3786-40AC-BF51-7EFC65D3AE3A}"
EndProject
Global
	GlobalSection(SolutionConfigurationPlatforms) = preSolution
		Debug|Any CPU = Debug|Any CPU
		Release|Any CPU = Release|Any CPU
	EndGlobalSection
	GlobalSection(ProjectConfigurationPlatforms) = postSolution
		{091B479B-6A6F-4D7A-9DE9-044B3580EAA7}.Debug|Any CPU.ActiveCfg = Debug|Any CPU
		{091B479B-6A6F-4D7A-9DE9-044B3580EAA7}.Debug|Any CPU.Build.0 = Debug|Any CPU
		{091B479B-6A6F-4D7A-9DE9-044B3580EAA7}.Release|Any CPU.ActiveCfg = Release|Any CPU
		{091B479B-6A6F-4D7A-9DE9-044B3580EAA7}.Release|Any CPU.Build.0 = Release|Any CPU
		{436A11FC-E046-486C-81D6-E04040D2A42F}.Debug|Any CPU.ActiveCfg = Debug|Any CPU
		{436A11FC-E046-486C-81D6-E04040D2A42F}.Debug|Any CPU.Build.0 = Debug|Any CPU
		{436A11FC-E046-486C-81D6-E04040D2A42F}.Release|Any CPU.ActiveCfg = Release|Any CPU
		{436A11FC-E046-486C-81D6-E04040D2A42F}.Release|Any CPU.Build.0 = Release|Any CPU
		{9FE9C00D-A208-4028-978F-59151754C701}.Debug|Any CPU.ActiveCfg = Debug|Any CPU
		{9FE9C00D-A208-4028-978F-59151754C701}.Debug|Any CPU.Build.0 = Debug|Any CPU
		{9FE9C00D-A208-4028-978F-59151754C701}.Release|Any CPU.ActiveCfg = Release|Any CPU
		{9FE9C00D-A208-4028-978F-59151754C701}.Release|Any CPU.Build.0 = Release|Any CPU
		{F31F53AA-7478-40C8-A8AC-415F79AA71DA}.Debug|Any CPU.ActiveCfg = Debug|Any CPU
		{F31F53AA-7478-40C8-A8AC-415F79AA71DA}.Debug|Any CPU.Build.0 = Debug|Any CPU
		{F31F53AA-7478-40C8-A8AC-415F79AA71DA}.Release|Any CPU.ActiveCfg = Release|Any CPU
		{F31F53AA-7478-40C8-A8AC-415F79AA71DA}.Release|Any CPU.Build.0 = Release|Any CPU
		{076968D6-3786-40AC-BF51-7EFC65D3AE3A}.Debug|Any CPU.ActiveCfg = Debug|Any CPU
		{076968D6-3786-40AC-BF51-7EFC65D3AE3A}.Debug|Any CPU.Build.0 = Debug|Any CPU
		{076968D6-3786-40AC-BF51-7EFC65D3AE3A}.Release|Any CPU.ActiveCfg = Release|Any CPU
		{076968D6-3786-40AC-BF51-7EFC65D3AE3A}.Release|Any CPU.Build.0 = Release|Any CPU
	EndGlobalSection
	GlobalSection(SolutionProperties) = preSolution
		HideSolutionNode = FALSE
	EndGlobalSection
	GlobalSection(ExtensibilityGlobals) = postSolution
		SolutionGuid = {9DA70683-D0C0-42F3-AABD-B271B98D5FF9}
	EndGlobalSection
EndGlobal
